
Microsoft Visual Studio Solution File, Format Version 12.00
Project("{FAE04EC0-301F-11D3-BF4B-00C04F79EFBC}") = "Bocchi", "Bocchi\Bocchi.csproj", "{88060716-6516-4B23-9F30-2BB739125DCF}"
EndProject
Global
	GlobalSection(SolutionConfigurationPlatforms) = preSolution
		Debug|Any CPU = Debug|Any CPU
		Release|Any CPU = Release|Any CPU
	EndGlobalSection
	GlobalSection(ProjectConfigurationPlatforms) = postSolution
		{88060716-6516-4B23-9F30-2BB739125DCF}.Debug|Any CPU.ActiveCfg = Debug|Any CPU
		{88060716-6516-4B23-9F30-2BB739125DCF}.Debug|Any CPU.Build.0 = Debug|Any CPU
		{88060716-6516-4B23-9F30-2BB739125DCF}.Release|Any CPU.ActiveCfg = Release|Any CPU
		{88060716-6516-4B23-9F30-2BB739125DCF}.Release|Any CPU.Build.0 = Release|Any CPU
	EndGlobalSection
EndGlobal
